
Microsoft Visual Studio Solution File, Format Version 12.00
# Visual Studio 15
VisualStudioVersion = 15.0.26124.0
MinimumVisualStudioVersion = 15.0.26124.0
Project("{2150E333-8FDC-42A3-9474-1A3956D46DE8}") = "src", "src", "{6C0EFE62-D77E-4B13-ADA3-3B45A2C9A6CB}"
EndProject
Project("{FAE04EC0-301F-11D3-BF4B-00C04F79EFBC}") = "Impsbl", "src\Impsbl\Impsbl.csproj", "{543F51C8-3F80-42EA-BD8E-3FCD1C0F2014}"
EndProject
Project("{FAE04EC0-301F-11D3-BF4B-00C04F79EFBC}") = "Impsbl.Application", "src\Impsbl.Application\Impsbl.Application.csproj", "{BAA1A737-BC6F-432A-895A-F9066D6A3CB4}"
EndProject
Project("{FAE04EC0-301F-11D3-BF4B-00C04F79EFBC}") = "Impsbl.Content", "src\Impsbl.Content\Impsbl.Content.csproj", "{65EC7927-EE8E-45FC-8678-8DD35B51DDCD}"
EndProject
Project("{FAE04EC0-301F-11D3-BF4B-00C04F79EFBC}") = "Impsbl.Infrastructure.Screens", "src\Impsbl.Infrastructure.Screens\Impsbl.Infrastructure.Screens.csproj", "{D6CA0558-0A76-4D96-B08D-992C09881853}"
EndProject
Project("{FAE04EC0-301F-11D3-BF4B-00C04F79EFBC}") = "Impsbl.Infrastructure.Spritesheets", "src\Impsbl.Infrastructure.Spritesheets\Impsbl.Infrastructure.Spritesheets.csproj", "{032A4D99-AB6C-4E33-8FFC-9B0890053A4E}"
EndProject
Global
	GlobalSection(SolutionConfigurationPlatforms) = preSolution
		Debug|Any CPU = Debug|Any CPU
		Debug|x64 = Debug|x64
		Debug|x86 = Debug|x86
		Release|Any CPU = Release|Any CPU
		Release|x64 = Release|x64
		Release|x86 = Release|x86
	EndGlobalSection
	GlobalSection(SolutionProperties) = preSolution
		HideSolutionNode = FALSE
	EndGlobalSection
	GlobalSection(ProjectConfigurationPlatforms) = postSolution
		{543F51C8-3F80-42EA-BD8E-3FCD1C0F2014}.Debug|Any CPU.ActiveCfg = Debug|Any CPU
		{543F51C8-3F80-42EA-BD8E-3FCD1C0F2014}.Debug|Any CPU.Build.0 = Debug|Any CPU
		{543F51C8-3F80-42EA-BD8E-3FCD1C0F2014}.Debug|x64.ActiveCfg = Debug|Any CPU
		{543F51C8-3F80-42EA-BD8E-3FCD1C0F2014}.Debug|x64.Build.0 = Debug|Any CPU
		{543F51C8-3F80-42EA-BD8E-3FCD1C0F2014}.Debug|x86.ActiveCfg = Debug|Any CPU
		{543F51C8-3F80-42EA-BD8E-3FCD1C0F2014}.Debug|x86.Build.0 = Debug|Any CPU
		{543F51C8-3F80-42EA-BD8E-3FCD1C0F2014}.Release|Any CPU.ActiveCfg = Release|Any CPU
		{543F51C8-3F80-42EA-BD8E-3FCD1C0F2014}.Release|Any CPU.Build.0 = Release|Any CPU
		{543F51C8-3F80-42EA-BD8E-3FCD1C0F2014}.Release|x64.ActiveCfg = Release|Any CPU
		{543F51C8-3F80-42EA-BD8E-3FCD1C0F2014}.Release|x64.Build.0 = Release|Any CPU
		{543F51C8-3F80-42EA-BD8E-3FCD1C0F2014}.Release|x86.ActiveCfg = Release|Any CPU
		{543F51C8-3F80-42EA-BD8E-3FCD1C0F2014}.Release|x86.Build.0 = Release|Any CPU
		{BAA1A737-BC6F-432A-895A-F9066D6A3CB4}.Debug|Any CPU.ActiveCfg = Debug|Any CPU
		{BAA1A737-BC6F-432A-895A-F9066D6A3CB4}.Debug|Any CPU.Build.0 = Debug|Any CPU
		{BAA1A737-BC6F-432A-895A-F9066D6A3CB4}.Debug|x64.ActiveCfg = Debug|Any CPU
		{BAA1A737-BC6F-432A-895A-F9066D6A3CB4}.Debug|x64.Build.0 = Debug|Any CPU
		{BAA1A737-BC6F-432A-895A-F9066D6A3CB4}.Debug|x86.ActiveCfg = Debug|Any CPU
		{BAA1A737-BC6F-432A-895A-F9066D6A3CB4}.Debug|x86.Build.0 = Debug|Any CPU
		{BAA1A737-BC6F-432A-895A-F9066D6A3CB4}.Release|Any CPU.ActiveCfg = Release|Any CPU
		{BAA1A737-BC6F-432A-895A-F9066D6A3CB4}.Release|Any CPU.Build.0 = Release|Any CPU
		{BAA1A737-BC6F-432A-895A-F9066D6A3CB4}.Release|x64.ActiveCfg = Release|Any CPU
		{BAA1A737-BC6F-432A-895A-F9066D6A3CB4}.Release|x64.Build.0 = Release|Any CPU
		{BAA1A737-BC6F-432A-895A-F9066D6A3CB4}.Release|x86.ActiveCfg = Release|Any CPU
		{BAA1A737-BC6F-432A-895A-F9066D6A3CB4}.Release|x86.Build.0 = Release|Any CPU
		{65EC7927-EE8E-45FC-8678-8DD35B51DDCD}.Debug|Any CPU.ActiveCfg = Debug|Any CPU
		{65EC7927-EE8E-45FC-8678-8DD35B51DDCD}.Debug|Any CPU.Build.0 = Debug|Any CPU
		{65EC7927-EE8E-45FC-8678-8DD35B51DDCD}.Debug|x64.ActiveCfg = Debug|Any CPU
		{65EC7927-EE8E-45FC-8678-8DD35B51DDCD}.Debug|x64.Build.0 = Debug|Any CPU
		{65EC7927-EE8E-45FC-8678-8DD35B51DDCD}.Debug|x86.ActiveCfg = Debug|Any CPU
		{65EC7927-EE8E-45FC-8678-8DD35B51DDCD}.Debug|x86.Build.0 = Debug|Any CPU
		{65EC7927-EE8E-45FC-8678-8DD35B51DDCD}.Release|Any CPU.ActiveCfg = Release|Any CPU
		{65EC7927-EE8E-45FC-8678-8DD35B51DDCD}.Release|Any CPU.Build.0 = Release|Any CPU
		{65EC7927-EE8E-45FC-8678-8DD35B51DDCD}.Release|x64.ActiveCfg = Release|Any CPU
		{65EC7927-EE8E-45FC-8678-8DD35B51DDCD}.Release|x64.Build.0 = Release|Any CPU
		{65EC7927-EE8E-45FC-8678-8DD35B51DDCD}.Release|x86.ActiveCfg = Release|Any CPU
		{65EC7927-EE8E-45FC-8678-8DD35B51DDCD}.Release|x86.Build.0 = Release|Any CPU
		{D6CA0558-0A76-4D96-B08D-992C09881853}.Debug|Any CPU.ActiveCfg = Debug|Any CPU
		{D6CA0558-0A76-4D96-B08D-992C09881853}.Debug|Any CPU.Build.0 = Debug|Any CPU
		{D6CA0558-0A76-4D96-B08D-992C09881853}.Debug|x64.ActiveCfg = Debug|Any CPU
		{D6CA0558-0A76-4D96-B08D-992C09881853}.Debug|x64.Build.0 = Debug|Any CPU
		{D6CA0558-0A76-4D96-B08D-992C09881853}.Debug|x86.ActiveCfg = Debug|Any CPU
		{D6CA0558-0A76-4D96-B08D-992C09881853}.Debug|x86.Build.0 = Debug|Any CPU
		{D6CA0558-0A76-4D96-B08D-992C09881853}.Release|Any CPU.ActiveCfg = Release|Any CPU
		{D6CA0558-0A76-4D96-B08D-992C09881853}.Release|Any CPU.Build.0 = Release|Any CPU
		{D6CA0558-0A76-4D96-B08D-992C09881853}.Release|x64.ActiveCfg = Release|Any CPU
		{D6CA0558-0A76-4D96-B08D-992C09881853}.Release|x64.Build.0 = Release|Any CPU
		{D6CA0558-0A76-4D96-B08D-992C09881853}.Release|x86.ActiveCfg = Release|Any CPU
		{D6CA0558-0A76-4D96-B08D-992C09881853}.Release|x86.Build.0 = Release|Any CPU
		{032A4D99-AB6C-4E33-8FFC-9B0890053A4E}.Debug|Any CPU.ActiveCfg = Debug|Any CPU
		{032A4D99-AB6C-4E33-8FFC-9B0890053A4E}.Debug|Any CPU.Build.0 = Debug|Any CPU
		{032A4D99-AB6C-4E33-8FFC-9B0890053A4E}.Debug|x64.ActiveCfg = Debug|Any CPU
		{032A4D99-AB6C-4E33-8FFC-9B0890053A4E}.Debug|x64.Build.0 = Debug|Any CPU
		{032A4D99-AB6C-4E33-8FFC-9B0890053A4E}.Debug|x86.ActiveCfg = Debug|Any CPU
		{032A4D99-AB6C-4E33-8FFC-9B0890053A4E}.Debug|x86.Build.0 = Debug|Any CPU
		{032A4D99-AB6C-4E33-8FFC-9B0890053A4E}.Release|Any CPU.ActiveCfg = Release|Any CPU
		{032A4D99-AB6C-4E33-8FFC-9B0890053A4E}.Release|Any CPU.Build.0 = Release|Any CPU
		{032A4D99-AB6C-4E33-8FFC-9B0890053A4E}.Release|x64.ActiveCfg = Release|Any CPU
		{032A4D99-AB6C-4E33-8FFC-9B0890053A4E}.Release|x64.Build.0 = Release|Any CPU
		{032A4D99-AB6C-4E33-8FFC-9B0890053A4E}.Release|x86.ActiveCfg = Release|Any CPU
		{032A4D99-AB6C-4E33-8FFC-9B0890053A4E}.Release|x86.Build.0 = Release|Any CPU
	EndGlobalSection
	GlobalSection(NestedProjects) = preSolution
		{543F51C8-3F80-42EA-BD8E-3FCD1C0F2014} = {6C0EFE62-D77E-4B13-ADA3-3B45A2C9A6CB}
		{BAA1A737-BC6F-432A-895A-F9066D6A3CB4} = {6C0EFE62-D77E-4B13-ADA3-3B45A2C9A6CB}
		{65EC7927-EE8E-45FC-8678-8DD35B51DDCD} = {6C0EFE62-D77E-4B13-ADA3-3B45A2C9A6CB}
		{D6CA0558-0A76-4D96-B08D-992C09881853} = {6C0EFE62-D77E-4B13-ADA3-3B45A2C9A6CB}
		{032A4D99-AB6C-4E33-8FFC-9B0890053A4E} = {6C0EFE62-D77E-4B13-ADA3-3B45A2C9A6CB}
	EndGlobalSection
EndGlobal
